
Microsoft Visual Studio Solution File, Format Version 12.00
# Visual Studio Version 17
VisualStudioVersion = 17.7.34031.279
MinimumVisualStudioVersion = 10.0.40219.1
Project("{9A19103F-16F7-4668-BE54-9A1E7A4F7556}") = "movie.domain", "..\movie.domain\movie.domain.csproj", "{7DE0B19C-9051-40FA-95E8-C04383D729EC}"
EndProject
Project("{9A19103F-16F7-4668-BE54-9A1E7A4F7556}") = "movie.application", "..\movie.application\movie.application.csproj", "{59F8335B-0F81-4D30-B67F-49D518217BBC}"
EndProject
Project("{9A19103F-16F7-4668-BE54-9A1E7A4F7556}") = "movie.api", "MovieApp\movie.api.csproj", "{F8BFE18E-6896-4416-9593-AD69E5F81F05}"
EndProject
Project("{FAE04EC0-301F-11D3-BF4B-00C04F79EFBC}") = "movie.test", "movie.test\movie.test.csproj", "{99E19F12-4D06-44EA-9F83-CB802CA44BF7}"
EndProject
Global
	GlobalSection(SolutionConfigurationPlatforms) = preSolution
		Debug|Any CPU = Debug|Any CPU
		Release|Any CPU = Release|Any CPU
	EndGlobalSection
	GlobalSection(ProjectConfigurationPlatforms) = postSolution
		{7DE0B19C-9051-40FA-95E8-C04383D729EC}.Debug|Any CPU.ActiveCfg = Debug|Any CPU
		{7DE0B19C-9051-40FA-95E8-C04383D729EC}.Debug|Any CPU.Build.0 = Debug|Any CPU
		{7DE0B19C-9051-40FA-95E8-C04383D729EC}.Release|Any CPU.ActiveCfg = Release|Any CPU
		{7DE0B19C-9051-40FA-95E8-C04383D729EC}.Release|Any CPU.Build.0 = Release|Any CPU
		{59F8335B-0F81-4D30-B67F-49D518217BBC}.Debug|Any CPU.ActiveCfg = Debug|Any CPU
		{59F8335B-0F81-4D30-B67F-49D518217BBC}.Debug|Any CPU.Build.0 = Debug|Any CPU
		{59F8335B-0F81-4D30-B67F-49D518217BBC}.Release|Any CPU.ActiveCfg = Release|Any CPU
		{59F8335B-0F81-4D30-B67F-49D518217BBC}.Release|Any CPU.Build.0 = Release|Any CPU
		{F8BFE18E-6896-4416-9593-AD69E5F81F05}.Debug|Any CPU.ActiveCfg = Debug|Any CPU
		{F8BFE18E-6896-4416-9593-AD69E5F81F05}.Debug|Any CPU.Build.0 = Debug|Any CPU
		{F8BFE18E-6896-4416-9593-AD69E5F81F05}.Release|Any CPU.ActiveCfg = Release|Any CPU
		{F8BFE18E-6896-4416-9593-AD69E5F81F05}.Release|Any CPU.Build.0 = Release|Any CPU
		{99E19F12-4D06-44EA-9F83-CB802CA44BF7}.Debug|Any CPU.ActiveCfg = Debug|Any CPU
		{99E19F12-4D06-44EA-9F83-CB802CA44BF7}.Debug|Any CPU.Build.0 = Debug|Any CPU
		{99E19F12-4D06-44EA-9F83-CB802CA44BF7}.Release|Any CPU.ActiveCfg = Release|Any CPU
		{99E19F12-4D06-44EA-9F83-CB802CA44BF7}.Release|Any CPU.Build.0 = Release|Any CPU
	EndGlobalSection
	GlobalSection(SolutionProperties) = preSolution
		HideSolutionNode = FALSE
	EndGlobalSection
	GlobalSection(ExtensibilityGlobals) = postSolution
		SolutionGuid = {55CBA36F-B583-420E-B07A-DAD8D6C797A4}
	EndGlobalSection
EndGlobal
